
Microsoft Visual Studio Solution File, Format Version 12.00
# Visual Studio Version 17
VisualStudioVersion = 17.4.33122.133
MinimumVisualStudioVersion = 10.0.40219.1
Project("{8BC9CEB8-8B4A-11D0-8D11-00A0C91BC942}") = "Doklad", "Doklad.vcxproj", "{1CEEE781-2495-4832-A221-7F8ED4417BC2}"
EndProject
Global
	GlobalSection(SolutionConfigurationPlatforms) = preSolution
		Debug|x64 = Debug|x64
		Debug|x86 = Debug|x86
		Release|x64 = Release|x64
		Release|x86 = Release|x86
	EndGlobalSection
	GlobalSection(ProjectConfigurationPlatforms) = postSolution
		{1CEEE781-2495-4832-A221-7F8ED4417BC2}.Debug|x64.ActiveCfg = Debug|x64
		{1CEEE781-2495-4832-A221-7F8ED4417BC2}.Debug|x64.Build.0 = Debug|x64
		{1CEEE781-2495-4832-A221-7F8ED4417BC2}.Debug|x86.ActiveCfg = Debug|Win32
		{1CEEE781-2495-4832-A221-7F8ED4417BC2}.Debug|x86.Build.0 = Debug|Win32
		{1CEEE781-2495-4832-A221-7F8ED4417BC2}.Release|x64.ActiveCfg = Release|x64
		{1CEEE781-2495-4832-A221-7F8ED4417BC2}.Release|x64.Build.0 = Release|x64
		{1CEEE781-2495-4832-A221-7F8ED4417BC2}.Release|x86.ActiveCfg = Release|Win32
		{1CEEE781-2495-4832-A221-7F8ED4417BC2}.Release|x86.Build.0 = Release|Win32
	EndGlobalSection
	GlobalSection(SolutionProperties) = preSolution
		HideSolutionNode = FALSE
	EndGlobalSection
	GlobalSection(ExtensibilityGlobals) = postSolution
		SolutionGuid = {8D0927CF-56C2-4F53-9D70-5FF17F59522A}
	EndGlobalSection
EndGlobal
