
Microsoft Visual Studio Solution File, Format Version 12.00
# Visual Studio Version 17
VisualStudioVersion = 17.3.32929.385
MinimumVisualStudioVersion = 10.0.40219.1
Project("{8BC9CEB8-8B4A-11D0-8D11-00A0C91BC942}") = "8", "8.vcxproj", "{936CC67F-742B-4139-B93D-BBEE366F8B04}"
EndProject
Global
	GlobalSection(SolutionConfigurationPlatforms) = preSolution
		Debug|x64 = Debug|x64
		Debug|x86 = Debug|x86
		Release|x64 = Release|x64
		Release|x86 = Release|x86
	EndGlobalSection
	GlobalSection(ProjectConfigurationPlatforms) = postSolution
		{936CC67F-742B-4139-B93D-BBEE366F8B04}.Debug|x64.ActiveCfg = Debug|x64
		{936CC67F-742B-4139-B93D-BBEE366F8B04}.Debug|x64.Build.0 = Debug|x64
		{936CC67F-742B-4139-B93D-BBEE366F8B04}.Debug|x86.ActiveCfg = Debug|Win32
		{936CC67F-742B-4139-B93D-BBEE366F8B04}.Debug|x86.Build.0 = Debug|Win32
		{936CC67F-742B-4139-B93D-BBEE366F8B04}.Release|x64.ActiveCfg = Release|x64
		{936CC67F-742B-4139-B93D-BBEE366F8B04}.Release|x64.Build.0 = Release|x64
		{936CC67F-742B-4139-B93D-BBEE366F8B04}.Release|x86.ActiveCfg = Release|Win32
		{936CC67F-742B-4139-B93D-BBEE366F8B04}.Release|x86.Build.0 = Release|Win32
	EndGlobalSection
	GlobalSection(SolutionProperties) = preSolution
		HideSolutionNode = FALSE
	EndGlobalSection
	GlobalSection(ExtensibilityGlobals) = postSolution
		SolutionGuid = {43EFC5C5-BE33-4186-9270-BD8255255D2E}
	EndGlobalSection
EndGlobal
