
Microsoft Visual Studio Solution File, Format Version 12.00
# Visual Studio Version 17
VisualStudioVersion = 17.3.32825.248
MinimumVisualStudioVersion = 10.0.40219.1
Project("{8BC9CEB8-8B4A-11D0-8D11-00A0C91BC942}") = "1", "1.vcxproj", "{43609493-7381-4384-9BF1-502CF025DEFF}"
EndProject
Global
	GlobalSection(SolutionConfigurationPlatforms) = preSolution
		Debug|x64 = Debug|x64
		Debug|x86 = Debug|x86
		Release|x64 = Release|x64
		Release|x86 = Release|x86
	EndGlobalSection
	GlobalSection(ProjectConfigurationPlatforms) = postSolution
		{43609493-7381-4384-9BF1-502CF025DEFF}.Debug|x64.ActiveCfg = Debug|x64
		{43609493-7381-4384-9BF1-502CF025DEFF}.Debug|x64.Build.0 = Debug|x64
		{43609493-7381-4384-9BF1-502CF025DEFF}.Debug|x86.ActiveCfg = Debug|Win32
		{43609493-7381-4384-9BF1-502CF025DEFF}.Debug|x86.Build.0 = Debug|Win32
		{43609493-7381-4384-9BF1-502CF025DEFF}.Release|x64.ActiveCfg = Release|x64
		{43609493-7381-4384-9BF1-502CF025DEFF}.Release|x64.Build.0 = Release|x64
		{43609493-7381-4384-9BF1-502CF025DEFF}.Release|x86.ActiveCfg = Release|Win32
		{43609493-7381-4384-9BF1-502CF025DEFF}.Release|x86.Build.0 = Release|Win32
	EndGlobalSection
	GlobalSection(SolutionProperties) = preSolution
		HideSolutionNode = FALSE
	EndGlobalSection
	GlobalSection(ExtensibilityGlobals) = postSolution
		SolutionGuid = {1A5E3C0E-AC6F-469F-BCDB-0216B6FBD127}
	EndGlobalSection
EndGlobal
